// !$*UTF8*$!
{
	archiveVersion = 1;
	classes = {
	};
	objectVersion = 56;
	objects = {

/* Begin PBXBuildFile section */
		D2028B262C39914A00411D8D /* GenericTitleAndSubtitleView.swift in Sources */ = {isa = PBXBuildFile; fileRef = D2028B252C39914A00411D8D /* GenericTitleAndSubtitleView.swift */; };
		D2028B292C39944D00411D8D /* GenericFootnote.swift in Sources */ = {isa = PBXBuildFile; fileRef = D2028B282C39944D00411D8D /* GenericFootnote.swift */; };
		D2028B312C399EFC00411D8D /* YourYarnUITests.swift in Sources */ = {isa = PBXBuildFile; fileRef = D2028B302C399EFC00411D8D /* YourYarnUITests.swift */; };
		D2028B332C399EFC00411D8D /* YourYarnUITestsLaunchTests.swift in Sources */ = {isa = PBXBuildFile; fileRef = D2028B322C399EFC00411D8D /* YourYarnUITestsLaunchTests.swift */; };
		D26716CD2C2EDCEE00DED689 /* TabItemView.swift in Sources */ = {isa = PBXBuildFile; fileRef = D26716CC2C2EDCED00DED689 /* TabItemView.swift */; };
		D26716D12C31904800DED689 /* ResetPasswordViewViewModel.swift in Sources */ = {isa = PBXBuildFile; fileRef = D26716D02C31904800DED689 /* ResetPasswordViewViewModel.swift */; };
		D28D32562C36E6B40025CC2C /* PopUpView.swift in Sources */ = {isa = PBXBuildFile; fileRef = D28D32552C36E6B40025CC2C /* PopUpView.swift */; };
		D28D32582C37069E0025CC2C /* GenericButtonView.swift in Sources */ = {isa = PBXBuildFile; fileRef = D28D32572C37069E0025CC2C /* GenericButtonView.swift */; };
		D28D325A2C370ACA0025CC2C /* GenericNavigationView.swift in Sources */ = {isa = PBXBuildFile; fileRef = D28D32592C370ACA0025CC2C /* GenericNavigationView.swift */; };
		D28D325D2C382EC40025CC2C /* Validate.swift in Sources */ = {isa = PBXBuildFile; fileRef = D28D325C2C382EC40025CC2C /* Validate.swift */; };
		D28D325F2C3837DD0025CC2C /* Database.swift in Sources */ = {isa = PBXBuildFile; fileRef = D28D325E2C3837DD0025CC2C /* Database.swift */; };
		D299A5002C3AAD3100D52361 /* GenericTitle.swift in Sources */ = {isa = PBXBuildFile; fileRef = D299A4FF2C3AAD3100D52361 /* GenericTitle.swift */; };
		D2B821BA2C29BA52000E0E3A /* Extensions.swift in Sources */ = {isa = PBXBuildFile; fileRef = D2B821B92C29BA52000E0E3A /* Extensions.swift */; };
		D2BC72902C1DAA62001BC699 /* YourYarnApp.swift in Sources */ = {isa = PBXBuildFile; fileRef = D2BC728F2C1DAA62001BC699 /* YourYarnApp.swift */; };
		D2BC72922C1DAA62001BC699 /* MainView.swift in Sources */ = {isa = PBXBuildFile; fileRef = D2BC72912C1DAA62001BC699 /* MainView.swift */; };
		D2BC72942C1DAA64001BC699 /* Assets.xcassets in Resources */ = {isa = PBXBuildFile; fileRef = D2BC72932C1DAA64001BC699 /* Assets.xcassets */; };
		D2BC72972C1DAA64001BC699 /* Preview Assets.xcassets in Resources */ = {isa = PBXBuildFile; fileRef = D2BC72962C1DAA64001BC699 /* Preview Assets.xcassets */; };
		D2BC729E2C1DACA3001BC699 /* GoogleService-Info.plist in Resources */ = {isa = PBXBuildFile; fileRef = D2BC729D2C1DACA3001BC699 /* GoogleService-Info.plist */; };
		D2BC72A12C1DAD18001BC699 /* FirebaseAnalytics in Frameworks */ = {isa = PBXBuildFile; productRef = D2BC72A02C1DAD18001BC699 /* FirebaseAnalytics */; };
		D2BC72A32C1DAD85001BC699 /* FirebaseAuth in Frameworks */ = {isa = PBXBuildFile; productRef = D2BC72A22C1DAD85001BC699 /* FirebaseAuth */; };
		D2BC72A52C1DAD85001BC699 /* FirebaseFirestore in Frameworks */ = {isa = PBXBuildFile; productRef = D2BC72A42C1DAD85001BC699 /* FirebaseFirestore */; };
		D2BC72A72C1DAD85001BC699 /* FirebaseFirestoreSwift in Frameworks */ = {isa = PBXBuildFile; productRef = D2BC72A62C1DAD85001BC699 /* FirebaseFirestoreSwift */; };
		D2BC72AE2C1DB205001BC699 /* SettingsView.swift in Sources */ = {isa = PBXBuildFile; fileRef = D2BC72AD2C1DB205001BC699 /* SettingsView.swift */; };
		D2BC72B02C1DB21D001BC699 /* HomeView.swift in Sources */ = {isa = PBXBuildFile; fileRef = D2BC72AF2C1DB21D001BC699 /* HomeView.swift */; };
		D2BC72B22C1DB24C001BC699 /* AddYarnView.swift in Sources */ = {isa = PBXBuildFile; fileRef = D2BC72B12C1DB24C001BC699 /* AddYarnView.swift */; };
		D2BC72B42C1DB25B001BC699 /* AddToolView.swift in Sources */ = {isa = PBXBuildFile; fileRef = D2BC72B32C1DB25A001BC699 /* AddToolView.swift */; };
		D2BC72B62C1DB26D001BC699 /* AddWishListView.swift in Sources */ = {isa = PBXBuildFile; fileRef = D2BC72B52C1DB26D001BC699 /* AddWishListView.swift */; };
		D2BC72B82C1DB293001BC699 /* OpeningView.swift in Sources */ = {isa = PBXBuildFile; fileRef = D2BC72B72C1DB293001BC699 /* OpeningView.swift */; };
		D2BC72BA2C1DB2AA001BC699 /* RegistrationView.swift in Sources */ = {isa = PBXBuildFile; fileRef = D2BC72B92C1DB2AA001BC699 /* RegistrationView.swift */; };
		D2BC72BC2C1DB2FE001BC699 /* WishlistItemView.swift in Sources */ = {isa = PBXBuildFile; fileRef = D2BC72BB2C1DB2FE001BC699 /* WishlistItemView.swift */; };
		D2BC72BE2C1DB33C001BC699 /* User.swift in Sources */ = {isa = PBXBuildFile; fileRef = D2BC72BD2C1DB33C001BC699 /* User.swift */; };
		D2BC72C02C1DB34E001BC699 /* YarnItem.swift in Sources */ = {isa = PBXBuildFile; fileRef = D2BC72BF2C1DB34E001BC699 /* YarnItem.swift */; };
		D2BC72C22C1DB35A001BC699 /* ToolItem.swift in Sources */ = {isa = PBXBuildFile; fileRef = D2BC72C12C1DB35A001BC699 /* ToolItem.swift */; };
		D2BC72C42C1DB368001BC699 /* WishlistItem.swift in Sources */ = {isa = PBXBuildFile; fileRef = D2BC72C32C1DB368001BC699 /* WishlistItem.swift */; };
		D2BC72C62C1DB3A8001BC699 /* MainViewViewModel.swift in Sources */ = {isa = PBXBuildFile; fileRef = D2BC72C52C1DB3A8001BC699 /* MainViewViewModel.swift */; };
		D2BC72C82C1DB3B4001BC699 /* SettingsViewViewModel.swift in Sources */ = {isa = PBXBuildFile; fileRef = D2BC72C72C1DB3B4001BC699 /* SettingsViewViewModel.swift */; };
		D2BC72CA2C1DB3C1001BC699 /* HomeViewViewModel.swift in Sources */ = {isa = PBXBuildFile; fileRef = D2BC72C92C1DB3C1001BC699 /* HomeViewViewModel.swift */; };
		D2BC72CC2C1DB3CC001BC699 /* AddYarnViewViewModel.swift in Sources */ = {isa = PBXBuildFile; fileRef = D2BC72CB2C1DB3CC001BC699 /* AddYarnViewViewModel.swift */; };
		D2BC72CE2C1DB3D9001BC699 /* AddToolViewViewModel.swift in Sources */ = {isa = PBXBuildFile; fileRef = D2BC72CD2C1DB3D9001BC699 /* AddToolViewViewModel.swift */; };
		D2BC72D02C1DB3E7001BC699 /* AddWishListViewViewModel.swift in Sources */ = {isa = PBXBuildFile; fileRef = D2BC72CF2C1DB3E7001BC699 /* AddWishListViewViewModel.swift */; };
		D2BC72D22C1DB3F2001BC699 /* LoginViewViewModel.swift in Sources */ = {isa = PBXBuildFile; fileRef = D2BC72D12C1DB3F2001BC699 /* LoginViewViewModel.swift */; };
		D2BC72D42C1DB3FE001BC699 /* RegistrationViewViewModel.swift in Sources */ = {isa = PBXBuildFile; fileRef = D2BC72D32C1DB3FE001BC699 /* RegistrationViewViewModel.swift */; };
		D2BC72D62C1DB408001BC699 /* WishlistItemViewViewModel.swift in Sources */ = {isa = PBXBuildFile; fileRef = D2BC72D52C1DB408001BC699 /* WishlistItemViewViewModel.swift */; };
		D2BC72DA2C1DCCB7001BC699 /* BackgroundView.swift in Sources */ = {isa = PBXBuildFile; fileRef = D2BC72D92C1DCCB7001BC699 /* BackgroundView.swift */; };
		D2BC72DC2C1DD76E001BC699 /* LoginView.swift in Sources */ = {isa = PBXBuildFile; fileRef = D2BC72DB2C1DD76E001BC699 /* LoginView.swift */; };
		D2BC72DE2C1DDD65001BC699 /* ResetPasswordView.swift in Sources */ = {isa = PBXBuildFile; fileRef = D2BC72DD2C1DDD65001BC699 /* ResetPasswordView.swift */; };
		D2FA75B42C41343500D48C43 /* ToggleItemViewViewModel.swift in Sources */ = {isa = PBXBuildFile; fileRef = D2FA75B32C41343500D48C43 /* ToggleItemViewViewModel.swift */; };
/* End PBXBuildFile section */

/* Begin PBXContainerItemProxy section */
		D2028B342C399EFC00411D8D /* PBXContainerItemProxy */ = {
			isa = PBXContainerItemProxy;
			containerPortal = D2BC72842C1DAA62001BC699 /* Project object */;
			proxyType = 1;
			remoteGlobalIDString = D2BC728B2C1DAA62001BC699;
			remoteInfo = YourYarn;
		};
/* End PBXContainerItemProxy section */

/* Begin PBXFileReference section */
		D2028B252C39914A00411D8D /* GenericTitleAndSubtitleView.swift */ = {isa = PBXFileReference; lastKnownFileType = sourcecode.swift; path = GenericTitleAndSubtitleView.swift; sourceTree = "<group>"; };
		D2028B282C39944D00411D8D /* GenericFootnote.swift */ = {isa = PBXFileReference; lastKnownFileType = sourcecode.swift; path = GenericFootnote.swift; sourceTree = "<group>"; };
		D2028B2E2C399EFC00411D8D /* YourYarnUITests.xctest */ = {isa = PBXFileReference; explicitFileType = wrapper.cfbundle; includeInIndex = 0; path = YourYarnUITests.xctest; sourceTree = BUILT_PRODUCTS_DIR; };
		D2028B302C399EFC00411D8D /* YourYarnUITests.swift */ = {isa = PBXFileReference; lastKnownFileType = sourcecode.swift; path = YourYarnUITests.swift; sourceTree = "<group>"; };
		D2028B322C399EFC00411D8D /* YourYarnUITestsLaunchTests.swift */ = {isa = PBXFileReference; lastKnownFileType = sourcecode.swift; path = YourYarnUITestsLaunchTests.swift; sourceTree = "<group>"; };
		D26716CC2C2EDCED00DED689 /* TabItemView.swift */ = {isa = PBXFileReference; lastKnownFileType = sourcecode.swift; path = TabItemView.swift; sourceTree = "<group>"; };
		D26716D02C31904800DED689 /* ResetPasswordViewViewModel.swift */ = {isa = PBXFileReference; lastKnownFileType = sourcecode.swift; path = ResetPasswordViewViewModel.swift; sourceTree = "<group>"; };
		D28D32552C36E6B40025CC2C /* PopUpView.swift */ = {isa = PBXFileReference; lastKnownFileType = sourcecode.swift; path = PopUpView.swift; sourceTree = "<group>"; };
		D28D32572C37069E0025CC2C /* GenericButtonView.swift */ = {isa = PBXFileReference; lastKnownFileType = sourcecode.swift; path = GenericButtonView.swift; sourceTree = "<group>"; };
		D28D32592C370ACA0025CC2C /* GenericNavigationView.swift */ = {isa = PBXFileReference; lastKnownFileType = sourcecode.swift; path = GenericNavigationView.swift; sourceTree = "<group>"; };
		D28D325C2C382EC40025CC2C /* Validate.swift */ = {isa = PBXFileReference; lastKnownFileType = sourcecode.swift; path = Validate.swift; sourceTree = "<group>"; };
		D28D325E2C3837DD0025CC2C /* Database.swift */ = {isa = PBXFileReference; lastKnownFileType = sourcecode.swift; path = Database.swift; sourceTree = "<group>"; };
		D299A4FF2C3AAD3100D52361 /* GenericTitle.swift */ = {isa = PBXFileReference; lastKnownFileType = sourcecode.swift; path = GenericTitle.swift; sourceTree = "<group>"; };
		D2B821B92C29BA52000E0E3A /* Extensions.swift */ = {isa = PBXFileReference; lastKnownFileType = sourcecode.swift; path = Extensions.swift; sourceTree = "<group>"; };
		D2BC728C2C1DAA62001BC699 /* YourYarn.app */ = {isa = PBXFileReference; explicitFileType = wrapper.application; includeInIndex = 0; path = YourYarn.app; sourceTree = BUILT_PRODUCTS_DIR; };
		D2BC728F2C1DAA62001BC699 /* YourYarnApp.swift */ = {isa = PBXFileReference; lastKnownFileType = sourcecode.swift; path = YourYarnApp.swift; sourceTree = "<group>"; };
		D2BC72912C1DAA62001BC699 /* MainView.swift */ = {isa = PBXFileReference; lastKnownFileType = sourcecode.swift; path = MainView.swift; sourceTree = "<group>"; usesTabs = 0; };
		D2BC72932C1DAA64001BC699 /* Assets.xcassets */ = {isa = PBXFileReference; lastKnownFileType = folder.assetcatalog; path = Assets.xcassets; sourceTree = "<group>"; };
		D2BC72962C1DAA64001BC699 /* Preview Assets.xcassets */ = {isa = PBXFileReference; lastKnownFileType = folder.assetcatalog; path = "Preview Assets.xcassets"; sourceTree = "<group>"; };
		D2BC729D2C1DACA3001BC699 /* GoogleService-Info.plist */ = {isa = PBXFileReference; fileEncoding = 4; lastKnownFileType = text.plist.xml; path = "GoogleService-Info.plist"; sourceTree = "<group>"; };
		D2BC72AD2C1DB205001BC699 /* SettingsView.swift */ = {isa = PBXFileReference; lastKnownFileType = sourcecode.swift; path = SettingsView.swift; sourceTree = "<group>"; };
		D2BC72AF2C1DB21D001BC699 /* HomeView.swift */ = {isa = PBXFileReference; lastKnownFileType = sourcecode.swift; path = HomeView.swift; sourceTree = "<group>"; };
		D2BC72B12C1DB24C001BC699 /* AddYarnView.swift */ = {isa = PBXFileReference; lastKnownFileType = sourcecode.swift; path = AddYarnView.swift; sourceTree = "<group>"; };
		D2BC72B32C1DB25A001BC699 /* AddToolView.swift */ = {isa = PBXFileReference; lastKnownFileType = sourcecode.swift; path = AddToolView.swift; sourceTree = "<group>"; };
		D2BC72B52C1DB26D001BC699 /* AddWishListView.swift */ = {isa = PBXFileReference; lastKnownFileType = sourcecode.swift; path = AddWishListView.swift; sourceTree = "<group>"; };
		D2BC72B72C1DB293001BC699 /* OpeningView.swift */ = {isa = PBXFileReference; lastKnownFileType = sourcecode.swift; path = OpeningView.swift; sourceTree = "<group>"; };
		D2BC72B92C1DB2AA001BC699 /* RegistrationView.swift */ = {isa = PBXFileReference; lastKnownFileType = sourcecode.swift; path = RegistrationView.swift; sourceTree = "<group>"; };
		D2BC72BB2C1DB2FE001BC699 /* WishlistItemView.swift */ = {isa = PBXFileReference; lastKnownFileType = sourcecode.swift; path = WishlistItemView.swift; sourceTree = "<group>"; };
		D2BC72BD2C1DB33C001BC699 /* User.swift */ = {isa = PBXFileReference; lastKnownFileType = sourcecode.swift; path = User.swift; sourceTree = "<group>"; };
		D2BC72BF2C1DB34E001BC699 /* YarnItem.swift */ = {isa = PBXFileReference; lastKnownFileType = sourcecode.swift; path = YarnItem.swift; sourceTree = "<group>"; };
		D2BC72C12C1DB35A001BC699 /* ToolItem.swift */ = {isa = PBXFileReference; lastKnownFileType = sourcecode.swift; path = ToolItem.swift; sourceTree = "<group>"; };
		D2BC72C32C1DB368001BC699 /* WishlistItem.swift */ = {isa = PBXFileReference; lastKnownFileType = sourcecode.swift; path = WishlistItem.swift; sourceTree = "<group>"; };
		D2BC72C52C1DB3A8001BC699 /* MainViewViewModel.swift */ = {isa = PBXFileReference; lastKnownFileType = sourcecode.swift; path = MainViewViewModel.swift; sourceTree = "<group>"; };
		D2BC72C72C1DB3B4001BC699 /* SettingsViewViewModel.swift */ = {isa = PBXFileReference; lastKnownFileType = sourcecode.swift; path = SettingsViewViewModel.swift; sourceTree = "<group>"; };
		D2BC72C92C1DB3C1001BC699 /* HomeViewViewModel.swift */ = {isa = PBXFileReference; lastKnownFileType = sourcecode.swift; path = HomeViewViewModel.swift; sourceTree = "<group>"; };
		D2BC72CB2C1DB3CC001BC699 /* AddYarnViewViewModel.swift */ = {isa = PBXFileReference; lastKnownFileType = sourcecode.swift; path = AddYarnViewViewModel.swift; sourceTree = "<group>"; };
		D2BC72CD2C1DB3D9001BC699 /* AddToolViewViewModel.swift */ = {isa = PBXFileReference; lastKnownFileType = sourcecode.swift; path = AddToolViewViewModel.swift; sourceTree = "<group>"; };
		D2BC72CF2C1DB3E7001BC699 /* AddWishListViewViewModel.swift */ = {isa = PBXFileReference; lastKnownFileType = sourcecode.swift; path = AddWishListViewViewModel.swift; sourceTree = "<group>"; };
		D2BC72D12C1DB3F2001BC699 /* LoginViewViewModel.swift */ = {isa = PBXFileReference; lastKnownFileType = sourcecode.swift; path = LoginViewViewModel.swift; sourceTree = "<group>"; };
		D2BC72D32C1DB3FE001BC699 /* RegistrationViewViewModel.swift */ = {isa = PBXFileReference; lastKnownFileType = sourcecode.swift; path = RegistrationViewViewModel.swift; sourceTree = "<group>"; };
		D2BC72D52C1DB408001BC699 /* WishlistItemViewViewModel.swift */ = {isa = PBXFileReference; lastKnownFileType = sourcecode.swift; path = WishlistItemViewViewModel.swift; sourceTree = "<group>"; };
		D2BC72D92C1DCCB7001BC699 /* BackgroundView.swift */ = {isa = PBXFileReference; lastKnownFileType = sourcecode.swift; path = BackgroundView.swift; sourceTree = "<group>"; };
		D2BC72DB2C1DD76E001BC699 /* LoginView.swift */ = {isa = PBXFileReference; lastKnownFileType = sourcecode.swift; path = LoginView.swift; sourceTree = "<group>"; };
		D2BC72DD2C1DDD65001BC699 /* ResetPasswordView.swift */ = {isa = PBXFileReference; lastKnownFileType = sourcecode.swift; path = ResetPasswordView.swift; sourceTree = "<group>"; };
		D2FA75B32C41343500D48C43 /* ToggleItemViewViewModel.swift */ = {isa = PBXFileReference; lastKnownFileType = sourcecode.swift; path = ToggleItemViewViewModel.swift; sourceTree = "<group>"; };
/* End PBXFileReference section */

/* Begin PBXFrameworksBuildPhase section */
		D2028B2B2C399EFC00411D8D /* Frameworks */ = {
			isa = PBXFrameworksBuildPhase;
			buildActionMask = 2147483647;
			files = (
			);
			runOnlyForDeploymentPostprocessing = 0;
		};
		D2BC72892C1DAA62001BC699 /* Frameworks */ = {
			isa = PBXFrameworksBuildPhase;
			buildActionMask = 2147483647;
			files = (
				D2BC72A12C1DAD18001BC699 /* FirebaseAnalytics in Frameworks */,
				D2BC72A32C1DAD85001BC699 /* FirebaseAuth in Frameworks */,
				D2BC72A52C1DAD85001BC699 /* FirebaseFirestore in Frameworks */,
				D2BC72A72C1DAD85001BC699 /* FirebaseFirestoreSwift in Frameworks */,
			);
			runOnlyForDeploymentPostprocessing = 0;
		};
/* End PBXFrameworksBuildPhase section */

/* Begin PBXGroup section */
		D2028B272C3991C800411D8D /* GenericViews */ = {
			isa = PBXGroup;
			children = (
				D28D32592C370ACA0025CC2C /* GenericNavigationView.swift */,
				D28D32572C37069E0025CC2C /* GenericButtonView.swift */,
				D2028B252C39914A00411D8D /* GenericTitleAndSubtitleView.swift */,
				D2028B282C39944D00411D8D /* GenericFootnote.swift */,
				D299A4FF2C3AAD3100D52361 /* GenericTitle.swift */,
			);
			path = GenericViews;
			sourceTree = "<group>";
		};
		D2028B2F2C399EFC00411D8D /* YourYarnUITests */ = {
			isa = PBXGroup;
			children = (
				D2028B302C399EFC00411D8D /* YourYarnUITests.swift */,
				D2028B322C399EFC00411D8D /* YourYarnUITestsLaunchTests.swift */,
			);
			path = YourYarnUITests;
			sourceTree = "<group>";
		};
		D28D325B2C382EA40025CC2C /* Helper Funcions */ = {
			isa = PBXGroup;
			children = (
				D28D325C2C382EC40025CC2C /* Validate.swift */,
				D28D325E2C3837DD0025CC2C /* Database.swift */,
			);
			path = "Helper Funcions";
			sourceTree = "<group>";
		};
		D2BC72832C1DAA62001BC699 = {
			isa = PBXGroup;
			children = (
				D2BC728E2C1DAA62001BC699 /* YourYarn */,
				D2028B2F2C399EFC00411D8D /* YourYarnUITests */,
				D2BC728D2C1DAA62001BC699 /* Products */,
			);
			sourceTree = "<group>";
		};
		D2BC728D2C1DAA62001BC699 /* Products */ = {
			isa = PBXGroup;
			children = (
				D2BC728C2C1DAA62001BC699 /* YourYarn.app */,
				D2028B2E2C399EFC00411D8D /* YourYarnUITests.xctest */,
			);
			name = Products;
			sourceTree = "<group>";
		};
		D2BC728E2C1DAA62001BC699 /* YourYarn */ = {
			isa = PBXGroup;
			children = (
				D2BC72AC2C1DB0CA001BC699 /* Other */,
				D2BC72AB2C1DB0AD001BC699 /* Models */,
				D2BC72AA2C1DB092001BC699 /* ViewModels */,
				D2BC72A82C1DB063001BC699 /* Views */,
				D2BC72952C1DAA64001BC699 /* Preview Content */,
			);
			path = YourYarn;
			sourceTree = "<group>";
		};
		D2BC72952C1DAA64001BC699 /* Preview Content */ = {
			isa = PBXGroup;
			children = (
				D2BC72962C1DAA64001BC699 /* Preview Assets.xcassets */,
			);
			path = "Preview Content";
			sourceTree = "<group>";
		};
		D2BC72A82C1DB063001BC699 /* Views */ = {
			isa = PBXGroup;
			children = (
				D2BC72912C1DAA62001BC699 /* MainView.swift */,
				D26716CC2C2EDCED00DED689 /* TabItemView.swift */,
				D2BC72B72C1DB293001BC699 /* OpeningView.swift */,
				D2BC72DB2C1DD76E001BC699 /* LoginView.swift */,
				D2BC72B92C1DB2AA001BC699 /* RegistrationView.swift */,
				D2BC72DD2C1DDD65001BC699 /* ResetPasswordView.swift */,
				D2BC72AF2C1DB21D001BC699 /* HomeView.swift */,
				D2BC72B12C1DB24C001BC699 /* AddYarnView.swift */,
				D2BC72B32C1DB25A001BC699 /* AddToolView.swift */,
				D2BC72B52C1DB26D001BC699 /* AddWishListView.swift */,
				D2BC72AD2C1DB205001BC699 /* SettingsView.swift */,
				D2BC72BB2C1DB2FE001BC699 /* WishlistItemView.swift */,
				D2BC72D92C1DCCB7001BC699 /* BackgroundView.swift */,
				D28D32552C36E6B40025CC2C /* PopUpView.swift */,
				D2028B272C3991C800411D8D /* GenericViews */,
			);
			path = Views;
			sourceTree = "<group>";
		};
		D2BC72AA2C1DB092001BC699 /* ViewModels */ = {
			isa = PBXGroup;
			children = (
				D2BC72C52C1DB3A8001BC699 /* MainViewViewModel.swift */,
				D2BC72D12C1DB3F2001BC699 /* LoginViewViewModel.swift */,
				D2BC72D32C1DB3FE001BC699 /* RegistrationViewViewModel.swift */,
				D2BC72C72C1DB3B4001BC699 /* SettingsViewViewModel.swift */,
				D26716D02C31904800DED689 /* ResetPasswordViewViewModel.swift */,
				D2BC72D52C1DB408001BC699 /* WishlistItemViewViewModel.swift */,
				D2BC72C92C1DB3C1001BC699 /* HomeViewViewModel.swift */,
				D2BC72CB2C1DB3CC001BC699 /* AddYarnViewViewModel.swift */,
				D2BC72CD2C1DB3D9001BC699 /* AddToolViewViewModel.swift */,
				D2BC72CF2C1DB3E7001BC699 /* AddWishListViewViewModel.swift */,
				D2FA75B32C41343500D48C43 /* ToggleItemViewViewModel.swift */,
				D28D325B2C382EA40025CC2C /* Helper Funcions */,
			);
			path = ViewModels;
			sourceTree = "<group>";
		};
		D2BC72AB2C1DB0AD001BC699 /* Models */ = {
			isa = PBXGroup;
			children = (
				D2BC72BD2C1DB33C001BC699 /* User.swift */,
				D2BC72BF2C1DB34E001BC699 /* YarnItem.swift */,
				D2BC72C12C1DB35A001BC699 /* ToolItem.swift */,
				D2BC72C32C1DB368001BC699 /* WishlistItem.swift */,
			);
			path = Models;
			sourceTree = "<group>";
		};
		D2BC72AC2C1DB0CA001BC699 /* Other */ = {
			isa = PBXGroup;
			children = (
				D2BC72932C1DAA64001BC699 /* Assets.xcassets */,
				D2BC729D2C1DACA3001BC699 /* GoogleService-Info.plist */,
				D2BC728F2C1DAA62001BC699 /* YourYarnApp.swift */,
				D2B821B92C29BA52000E0E3A /* Extensions.swift */,
			);
			path = Other;
			sourceTree = "<group>";
		};
/* End PBXGroup section */

/* Begin PBXNativeTarget section */
		D2028B2D2C399EFC00411D8D /* YourYarnUITests */ = {
			isa = PBXNativeTarget;
			buildConfigurationList = D2028B362C399EFC00411D8D /* Build configuration list for PBXNativeTarget "YourYarnUITests" */;
			buildPhases = (
				D2028B2A2C399EFC00411D8D /* Sources */,
				D2028B2B2C399EFC00411D8D /* Frameworks */,
				D2028B2C2C399EFC00411D8D /* Resources */,
			);
			buildRules = (
			);
			dependencies = (
				D2028B352C399EFC00411D8D /* PBXTargetDependency */,
			);
			name = YourYarnUITests;
			productName = YourYarnUITests;
			productReference = D2028B2E2C399EFC00411D8D /* YourYarnUITests.xctest */;
			productType = "com.apple.product-type.bundle.ui-testing";
		};
		D2BC728B2C1DAA62001BC699 /* YourYarn */ = {
			isa = PBXNativeTarget;
			buildConfigurationList = D2BC729A2C1DAA64001BC699 /* Build configuration list for PBXNativeTarget "YourYarn" */;
			buildPhases = (
				D2BC72882C1DAA62001BC699 /* Sources */,
				D2BC72892C1DAA62001BC699 /* Frameworks */,
				D2BC728A2C1DAA62001BC699 /* Resources */,
			);
			buildRules = (
			);
			dependencies = (
			);
			name = YourYarn;
			packageProductDependencies = (
				D2BC72A02C1DAD18001BC699 /* FirebaseAnalytics */,
				D2BC72A22C1DAD85001BC699 /* FirebaseAuth */,
				D2BC72A42C1DAD85001BC699 /* FirebaseFirestore */,
				D2BC72A62C1DAD85001BC699 /* FirebaseFirestoreSwift */,
			);
			productName = YourYarn;
			productReference = D2BC728C2C1DAA62001BC699 /* YourYarn.app */;
			productType = "com.apple.product-type.application";
		};
/* End PBXNativeTarget section */

/* Begin PBXProject section */
		D2BC72842C1DAA62001BC699 /* Project object */ = {
			isa = PBXProject;
			attributes = {
				BuildIndependentTargetsInParallel = 1;
				LastSwiftUpdateCheck = 1540;
				LastUpgradeCheck = 1540;
				TargetAttributes = {
					D2028B2D2C399EFC00411D8D = {
						CreatedOnToolsVersion = 15.4;
						TestTargetID = D2BC728B2C1DAA62001BC699;
					};
					D2BC728B2C1DAA62001BC699 = {
						CreatedOnToolsVersion = 15.4;
					};
				};
			};
			buildConfigurationList = D2BC72872C1DAA62001BC699 /* Build configuration list for PBXProject "YourYarn" */;
			compatibilityVersion = "Xcode 14.0";
			developmentRegion = en;
			hasScannedForEncodings = 0;
			knownRegions = (
				en,
				Base,
			);
			mainGroup = D2BC72832C1DAA62001BC699;
			packageReferences = (
				D2BC729F2C1DAD18001BC699 /* XCRemoteSwiftPackageReference "firebase-ios-sdk" */,
			);
			productRefGroup = D2BC728D2C1DAA62001BC699 /* Products */;
			projectDirPath = "";
			projectRoot = "";
			targets = (
				D2BC728B2C1DAA62001BC699 /* YourYarn */,
				D2028B2D2C399EFC00411D8D /* YourYarnUITests */,
			);
		};
/* End PBXProject section */

/* Begin PBXResourcesBuildPhase section */
		D2028B2C2C399EFC00411D8D /* Resources */ = {
			isa = PBXResourcesBuildPhase;
			buildActionMask = 2147483647;
			files = (
			);
			runOnlyForDeploymentPostprocessing = 0;
		};
		D2BC728A2C1DAA62001BC699 /* Resources */ = {
			isa = PBXResourcesBuildPhase;
			buildActionMask = 2147483647;
			files = (
				D2BC72972C1DAA64001BC699 /* Preview Assets.xcassets in Resources */,
				D2BC72942C1DAA64001BC699 /* Assets.xcassets in Resources */,
				D2BC729E2C1DACA3001BC699 /* GoogleService-Info.plist in Resources */,
			);
			runOnlyForDeploymentPostprocessing = 0;
		};
/* End PBXResourcesBuildPhase section */

/* Begin PBXSourcesBuildPhase section */
		D2028B2A2C399EFC00411D8D /* Sources */ = {
			isa = PBXSourcesBuildPhase;
			buildActionMask = 2147483647;
			files = (
				D2028B332C399EFC00411D8D /* YourYarnUITestsLaunchTests.swift in Sources */,
				D2028B312C399EFC00411D8D /* YourYarnUITests.swift in Sources */,
			);
			runOnlyForDeploymentPostprocessing = 0;
		};
		D2BC72882C1DAA62001BC699 /* Sources */ = {
			isa = PBXSourcesBuildPhase;
			buildActionMask = 2147483647;
			files = (
				D28D325D2C382EC40025CC2C /* Validate.swift in Sources */,
				D2BC72922C1DAA62001BC699 /* MainView.swift in Sources */,
				D26716CD2C2EDCEE00DED689 /* TabItemView.swift in Sources */,
				D2B821BA2C29BA52000E0E3A /* Extensions.swift in Sources */,
				D299A5002C3AAD3100D52361 /* GenericTitle.swift in Sources */,
				D2BC72D22C1DB3F2001BC699 /* LoginViewViewModel.swift in Sources */,
				D2BC72D42C1DB3FE001BC699 /* RegistrationViewViewModel.swift in Sources */,
				D2BC72B02C1DB21D001BC699 /* HomeView.swift in Sources */,
				D2BC72AE2C1DB205001BC699 /* SettingsView.swift in Sources */,
				D28D32582C37069E0025CC2C /* GenericButtonView.swift in Sources */,
				D2BC72C42C1DB368001BC699 /* WishlistItem.swift in Sources */,
				D2BC72CE2C1DB3D9001BC699 /* AddToolViewViewModel.swift in Sources */,
				D2BC72BA2C1DB2AA001BC699 /* RegistrationView.swift in Sources */,
				D2028B262C39914A00411D8D /* GenericTitleAndSubtitleView.swift in Sources */,
				D2BC72B22C1DB24C001BC699 /* AddYarnView.swift in Sources */,
				D2BC72B62C1DB26D001BC699 /* AddWishListView.swift in Sources */,
				D2BC72DC2C1DD76E001BC699 /* LoginView.swift in Sources */,
				D2BC72B42C1DB25B001BC699 /* AddToolView.swift in Sources */,
				D28D32562C36E6B40025CC2C /* PopUpView.swift in Sources */,
				D2BC72C62C1DB3A8001BC699 /* MainViewViewModel.swift in Sources */,
				D2028B292C39944D00411D8D /* GenericFootnote.swift in Sources */,
				D2BC72B82C1DB293001BC699 /* OpeningView.swift in Sources */,
				D2BC72BC2C1DB2FE001BC699 /* WishlistItemView.swift in Sources */,
				D2BC72CA2C1DB3C1001BC699 /* HomeViewViewModel.swift in Sources */,
				D2FA75B42C41343500D48C43 /* ToggleItemViewViewModel.swift in Sources */,
				D2BC72DA2C1DCCB7001BC699 /* BackgroundView.swift in Sources */,
				D2BC72902C1DAA62001BC699 /* YourYarnApp.swift in Sources */,
				D2BC72C02C1DB34E001BC699 /* YarnItem.swift in Sources */,
				D26716D12C31904800DED689 /* ResetPasswordViewViewModel.swift in Sources */,
				D2BC72DE2C1DDD65001BC699 /* ResetPasswordView.swift in Sources */,
				D2BC72C82C1DB3B4001BC699 /* SettingsViewViewModel.swift in Sources */,
				D2BC72D02C1DB3E7001BC699 /* AddWishListViewViewModel.swift in Sources */,
				D2BC72CC2C1DB3CC001BC699 /* AddYarnViewViewModel.swift in Sources */,
				D2BC72D62C1DB408001BC699 /* WishlistItemViewViewModel.swift in Sources */,
				D28D325F2C3837DD0025CC2C /* Database.swift in Sources */,
				D2BC72BE2C1DB33C001BC699 /* User.swift in Sources */,
				D28D325A2C370ACA0025CC2C /* GenericNavigationView.swift in Sources */,
				D2BC72C22C1DB35A001BC699 /* ToolItem.swift in Sources */,
			);
			runOnlyForDeploymentPostprocessing = 0;
		};
/* End PBXSourcesBuildPhase section */

/* Begin PBXTargetDependency section */
		D2028B352C399EFC00411D8D /* PBXTargetDependency */ = {
			isa = PBXTargetDependency;
			target = D2BC728B2C1DAA62001BC699 /* YourYarn */;
			targetProxy = D2028B342C399EFC00411D8D /* PBXContainerItemProxy */;
		};
/* End PBXTargetDependency section */

/* Begin XCBuildConfiguration section */
		D2028B372C399EFC00411D8D /* Debug */ = {
			isa = XCBuildConfiguration;
			buildSettings = {
				CODE_SIGN_STYLE = Automatic;
				CURRENT_PROJECT_VERSION = 1;
				DEVELOPMENT_TEAM = 46C7TRHD2R;
				GENERATE_INFOPLIST_FILE = YES;
				MARKETING_VERSION = 1.0;
				PRODUCT_BUNDLE_IDENTIFIER = com.hana.YourYarnUITests;
				PRODUCT_NAME = "$(TARGET_NAME)";
				SWIFT_EMIT_LOC_STRINGS = NO;
				SWIFT_VERSION = 5.0;
				TARGETED_DEVICE_FAMILY = "1,2";
				TEST_TARGET_NAME = YourYarn;
			};
			name = Debug;
		};
		D2028B382C399EFC00411D8D /* Release */ = {
			isa = XCBuildConfiguration;
			buildSettings = {
				CODE_SIGN_STYLE = Automatic;
				CURRENT_PROJECT_VERSION = 1;
				DEVELOPMENT_TEAM = 46C7TRHD2R;
				GENERATE_INFOPLIST_FILE = YES;
				MARKETING_VERSION = 1.0;
				PRODUCT_BUNDLE_IDENTIFIER = com.hana.YourYarnUITests;
				PRODUCT_NAME = "$(TARGET_NAME)";
				SWIFT_EMIT_LOC_STRINGS = NO;
				SWIFT_VERSION = 5.0;
				TARGETED_DEVICE_FAMILY = "1,2";
				TEST_TARGET_NAME = YourYarn;
			};
			name = Release;
		};
		D2BC72982C1DAA64001BC699 /* Debug */ = {
			isa = XCBuildConfiguration;
			buildSettings = {
				ALWAYS_SEARCH_USER_PATHS = NO;
				ASSETCATALOG_COMPILER_GENERATE_SWIFT_ASSET_SYMBOL_EXTENSIONS = YES;
				CLANG_ANALYZER_NONNULL = YES;
				CLANG_ANALYZER_NUMBER_OBJECT_CONVERSION = YES_AGGRESSIVE;
				CLANG_CXX_LANGUAGE_STANDARD = "gnu++20";
				CLANG_ENABLE_MODULES = YES;
				CLANG_ENABLE_OBJC_ARC = YES;
				CLANG_ENABLE_OBJC_WEAK = YES;
				CLANG_WARN_BLOCK_CAPTURE_AUTORELEASING = YES;
				CLANG_WARN_BOOL_CONVERSION = YES;
				CLANG_WARN_COMMA = YES;
				CLANG_WARN_CONSTANT_CONVERSION = YES;
				CLANG_WARN_DEPRECATED_OBJC_IMPLEMENTATIONS = YES;
				CLANG_WARN_DIRECT_OBJC_ISA_USAGE = YES_ERROR;
				CLANG_WARN_DOCUMENTATION_COMMENTS = YES;
				CLANG_WARN_EMPTY_BODY = YES;
				CLANG_WARN_ENUM_CONVERSION = YES;
				CLANG_WARN_INFINITE_RECURSION = YES;
				CLANG_WARN_INT_CONVERSION = YES;
				CLANG_WARN_NON_LITERAL_NULL_CONVERSION = YES;
				CLANG_WARN_OBJC_IMPLICIT_RETAIN_SELF = YES;
				CLANG_WARN_OBJC_LITERAL_CONVERSION = YES;
				CLANG_WARN_OBJC_ROOT_CLASS = YES_ERROR;
				CLANG_WARN_QUOTED_INCLUDE_IN_FRAMEWORK_HEADER = YES;
				CLANG_WARN_RANGE_LOOP_ANALYSIS = YES;
				CLANG_WARN_STRICT_PROTOTYPES = YES;
				CLANG_WARN_SUSPICIOUS_MOVE = YES;
				CLANG_WARN_UNGUARDED_AVAILABILITY = YES_AGGRESSIVE;
				CLANG_WARN_UNREACHABLE_CODE = YES;
				CLANG_WARN__DUPLICATE_METHOD_MATCH = YES;
				COPY_PHASE_STRIP = NO;
				DEBUG_INFORMATION_FORMAT = dwarf;
				ENABLE_STRICT_OBJC_MSGSEND = YES;
				ENABLE_TESTABILITY = YES;
				ENABLE_USER_SCRIPT_SANDBOXING = YES;
				GCC_C_LANGUAGE_STANDARD = gnu17;
				GCC_DYNAMIC_NO_PIC = NO;
				GCC_NO_COMMON_BLOCKS = YES;
				GCC_OPTIMIZATION_LEVEL = 0;
				GCC_PREPROCESSOR_DEFINITIONS = (
					"DEBUG=1",
					"$(inherited)",
				);
				GCC_WARN_64_TO_32_BIT_CONVERSION = YES;
				GCC_WARN_ABOUT_RETURN_TYPE = YES_ERROR;
				GCC_WARN_UNDECLARED_SELECTOR = YES;
				GCC_WARN_UNINITIALIZED_AUTOS = YES_AGGRESSIVE;
				GCC_WARN_UNUSED_FUNCTION = YES;
				GCC_WARN_UNUSED_VARIABLE = YES;
				IPHONEOS_DEPLOYMENT_TARGET = 17.5;
				LOCALIZATION_PREFERS_STRING_CATALOGS = YES;
				MTL_ENABLE_DEBUG_INFO = INCLUDE_SOURCE;
				MTL_FAST_MATH = YES;
				ONLY_ACTIVE_ARCH = YES;
				SDKROOT = iphoneos;
				SWIFT_ACTIVE_COMPILATION_CONDITIONS = "DEBUG $(inherited)";
				SWIFT_OPTIMIZATION_LEVEL = "-Onone";
			};
			name = Debug;
		};
		D2BC72992C1DAA64001BC699 /* Release */ = {
			isa = XCBuildConfiguration;
			buildSettings = {
				ALWAYS_SEARCH_USER_PATHS = NO;
				ASSETCATALOG_COMPILER_GENERATE_SWIFT_ASSET_SYMBOL_EXTENSIONS = YES;
				CLANG_ANALYZER_NONNULL = YES;
				CLANG_ANALYZER_NUMBER_OBJECT_CONVERSION = YES_AGGRESSIVE;
				CLANG_CXX_LANGUAGE_STANDARD = "gnu++20";
				CLANG_ENABLE_MODULES = YES;
				CLANG_ENABLE_OBJC_ARC = YES;
				CLANG_ENABLE_OBJC_WEAK = YES;
				CLANG_WARN_BLOCK_CAPTURE_AUTORELEASING = YES;
				CLANG_WARN_BOOL_CONVERSION = YES;
				CLANG_WARN_COMMA = YES;
				CLANG_WARN_CONSTANT_CONVERSION = YES;
				CLANG_WARN_DEPRECATED_OBJC_IMPLEMENTATIONS = YES;
				CLANG_WARN_DIRECT_OBJC_ISA_USAGE = YES_ERROR;
				CLANG_WARN_DOCUMENTATION_COMMENTS = YES;
				CLANG_WARN_EMPTY_BODY = YES;
				CLANG_WARN_ENUM_CONVERSION = YES;
				CLANG_WARN_INFINITE_RECURSION = YES;
				CLANG_WARN_INT_CONVERSION = YES;
				CLANG_WARN_NON_LITERAL_NULL_CONVERSION = YES;
				CLANG_WARN_OBJC_IMPLICIT_RETAIN_SELF = YES;
				CLANG_WARN_OBJC_LITERAL_CONVERSION = YES;
				CLANG_WARN_OBJC_ROOT_CLASS = YES_ERROR;
				CLANG_WARN_QUOTED_INCLUDE_IN_FRAMEWORK_HEADER = YES;
				CLANG_WARN_RANGE_LOOP_ANALYSIS = YES;
				CLANG_WARN_STRICT_PROTOTYPES = YES;
				CLANG_WARN_SUSPICIOUS_MOVE = YES;
				CLANG_WARN_UNGUARDED_AVAILABILITY = YES_AGGRESSIVE;
				CLANG_WARN_UNREACHABLE_CODE = YES;
				CLANG_WARN__DUPLICATE_METHOD_MATCH = YES;
				COPY_PHASE_STRIP = NO;
				DEBUG_INFORMATION_FORMAT = "dwarf-with-dsym";
				ENABLE_NS_ASSERTIONS = NO;
				ENABLE_STRICT_OBJC_MSGSEND = YES;
				ENABLE_USER_SCRIPT_SANDBOXING = YES;
				GCC_C_LANGUAGE_STANDARD = gnu17;
				GCC_NO_COMMON_BLOCKS = YES;
				GCC_WARN_64_TO_32_BIT_CONVERSION = YES;
				GCC_WARN_ABOUT_RETURN_TYPE = YES_ERROR;
				GCC_WARN_UNDECLARED_SELECTOR = YES;
				GCC_WARN_UNINITIALIZED_AUTOS = YES_AGGRESSIVE;
				GCC_WARN_UNUSED_FUNCTION = YES;
				GCC_WARN_UNUSED_VARIABLE = YES;
				IPHONEOS_DEPLOYMENT_TARGET = 17.5;
				LOCALIZATION_PREFERS_STRING_CATALOGS = YES;
				MTL_ENABLE_DEBUG_INFO = NO;
				MTL_FAST_MATH = YES;
				SDKROOT = iphoneos;
				SWIFT_COMPILATION_MODE = wholemodule;
				VALIDATE_PRODUCT = YES;
			};
			name = Release;
		};
		D2BC729B2C1DAA64001BC699 /* Debug */ = {
			isa = XCBuildConfiguration;
			buildSettings = {
				ASSETCATALOG_COMPILER_APPICON_NAME = AppIcon;
				ASSETCATALOG_COMPILER_GLOBAL_ACCENT_COLOR_NAME = AccentColor;
				CODE_SIGN_STYLE = Automatic;
				CURRENT_PROJECT_VERSION = 1;
				DEVELOPMENT_ASSET_PATHS = "\"YourYarn/Preview Content\"";
				DEVELOPMENT_TEAM = 46C7TRHD2R;
				ENABLE_PREVIEWS = YES;
				GENERATE_INFOPLIST_FILE = YES;
				INFOPLIST_KEY_CFBundleDisplayName = "Your Yarn";
				INFOPLIST_KEY_UIApplicationSceneManifest_Generation = YES;
				INFOPLIST_KEY_UIApplicationSupportsIndirectInputEvents = YES;
				INFOPLIST_KEY_UILaunchScreen_Generation = YES;
				INFOPLIST_KEY_UISupportedInterfaceOrientations = UIInterfaceOrientationPortrait;
				INFOPLIST_KEY_UISupportedInterfaceOrientations_iPad = "UIInterfaceOrientationPortrait UIInterfaceOrientationPortraitUpsideDown";
				LD_RUNPATH_SEARCH_PATHS = (
					"$(inherited)",
					"@executable_path/Frameworks",
				);
				MARKETING_VERSION = 1.0;
				PRODUCT_BUNDLE_IDENTIFIER = com.hana.YourYarn;
				PRODUCT_NAME = "$(TARGET_NAME)";
				SWIFT_EMIT_LOC_STRINGS = YES;
				SWIFT_VERSION = 5.0;
				TARGETED_DEVICE_FAMILY = "1,2";
			};
			name = Debug;
		};
		D2BC729C2C1DAA64001BC699 /* Release */ = {
			isa = XCBuildConfiguration;
			buildSettings = {
				ASSETCATALOG_COMPILER_APPICON_NAME = AppIcon;
				ASSETCATALOG_COMPILER_GLOBAL_ACCENT_COLOR_NAME = AccentColor;
				CODE_SIGN_STYLE = Automatic;
				CURRENT_PROJECT_VERSION = 1;
				DEVELOPMENT_ASSET_PATHS = "\"YourYarn/Preview Content\"";
				DEVELOPMENT_TEAM = 46C7TRHD2R;
				ENABLE_PREVIEWS = YES;
				GENERATE_INFOPLIST_FILE = YES;
				INFOPLIST_KEY_CFBundleDisplayName = "Your Yarn";
				INFOPLIST_KEY_UIApplicationSceneManifest_Generation = YES;
				INFOPLIST_KEY_UIApplicationSupportsIndirectInputEvents = YES;
				INFOPLIST_KEY_UILaunchScreen_Generation = YES;
				INFOPLIST_KEY_UISupportedInterfaceOrientations = UIInterfaceOrientationPortrait;
				INFOPLIST_KEY_UISupportedInterfaceOrientations_iPad = "UIInterfaceOrientationPortrait UIInterfaceOrientationPortraitUpsideDown";
				LD_RUNPATH_SEARCH_PATHS = (
					"$(inherited)",
					"@executable_path/Frameworks",
				);
				MARKETING_VERSION = 1.0;
				PRODUCT_BUNDLE_IDENTIFIER = com.hana.YourYarn;
				PRODUCT_NAME = "$(TARGET_NAME)";
				SWIFT_EMIT_LOC_STRINGS = YES;
				SWIFT_VERSION = 5.0;
				TARGETED_DEVICE_FAMILY = "1,2";
			};
			name = Release;
		};
/* End XCBuildConfiguration section */

/* Begin XCConfigurationList section */
		D2028B362C399EFC00411D8D /* Build configuration list for PBXNativeTarget "YourYarnUITests" */ = {
			isa = XCConfigurationList;
			buildConfigurations = (
				D2028B372C399EFC00411D8D /* Debug */,
				D2028B382C399EFC00411D8D /* Release */,
			);
			defaultConfigurationIsVisible = 0;
			defaultConfigurationName = Release;
		};
		D2BC72872C1DAA62001BC699 /* Build configuration list for PBXProject "YourYarn" */ = {
			isa = XCConfigurationList;
			buildConfigurations = (
				D2BC72982C1DAA64001BC699 /* Debug */,
				D2BC72992C1DAA64001BC699 /* Release */,
			);
			defaultConfigurationIsVisible = 0;
			defaultConfigurationName = Release;
		};
		D2BC729A2C1DAA64001BC699 /* Build configuration list for PBXNativeTarget "YourYarn" */ = {
			isa = XCConfigurationList;
			buildConfigurations = (
				D2BC729B2C1DAA64001BC699 /* Debug */,
				D2BC729C2C1DAA64001BC699 /* Release */,
			);
			defaultConfigurationIsVisible = 0;
			defaultConfigurationName = Release;
		};
/* End XCConfigurationList section */

/* Begin XCRemoteSwiftPackageReference section */
		D2BC729F2C1DAD18001BC699 /* XCRemoteSwiftPackageReference "firebase-ios-sdk" */ = {
			isa = XCRemoteSwiftPackageReference;
			repositoryURL = "https://github.com/firebase/firebase-ios-sdk";
			requirement = {
				kind = upToNextMajorVersion;
				minimumVersion = 10.27.0;
			};
		};
/* End XCRemoteSwiftPackageReference section */

/* Begin XCSwiftPackageProductDependency section */
		D2BC72A02C1DAD18001BC699 /* FirebaseAnalytics */ = {
			isa = XCSwiftPackageProductDependency;
			package = D2BC729F2C1DAD18001BC699 /* XCRemoteSwiftPackageReference "firebase-ios-sdk" */;
			productName = FirebaseAnalytics;
		};
		D2BC72A22C1DAD85001BC699 /* FirebaseAuth */ = {
			isa = XCSwiftPackageProductDependency;
			package = D2BC729F2C1DAD18001BC699 /* XCRemoteSwiftPackageReference "firebase-ios-sdk" */;
			productName = FirebaseAuth;
		};
		D2BC72A42C1DAD85001BC699 /* FirebaseFirestore */ = {
			isa = XCSwiftPackageProductDependency;
			package = D2BC729F2C1DAD18001BC699 /* XCRemoteSwiftPackageReference "firebase-ios-sdk" */;
			productName = FirebaseFirestore;
		};
		D2BC72A62C1DAD85001BC699 /* FirebaseFirestoreSwift */ = {
			isa = XCSwiftPackageProductDependency;
			package = D2BC729F2C1DAD18001BC699 /* XCRemoteSwiftPackageReference "firebase-ios-sdk" */;
			productName = FirebaseFirestoreSwift;
		};
/* End XCSwiftPackageProductDependency section */
	};
	rootObject = D2BC72842C1DAA62001BC699 /* Project object */;
}
